{
  "name": "@tablets/express-mongoose-api",
  "version": "1.2.0",
  "lockfileVersion": 3,
  "requires": true,
  "packages": {
    "": {
      "name": "@tablets/express-mongoose-api",
      "version": "1.2.0",
      "license": "ISC",
      "dependencies": {
        "@tablets/express-mongoose-api": "^1.2.0"
      }
    },
    "node_modules/@tablets/express-mongoose-api": {
      "version": "1.2.0",
      "resolved": "https://registry.npmjs.org/@tablets/express-mongoose-api/-/express-mongoose-api-1.2.0.tgz",
      "integrity": "sha512-K9cskVOwE0niY/HM06a1KBFfuNPZjMOKr3ySLCK0ikke2eGQX+RxDlySPAqsgTsFwLZg94Om71Kgy4xOYBHi8g=="
    }
  }
}
